// !$*UTF8*$!
{
	archiveVersion = 1;
	classes = {
	};
	objectVersion = 77;
	objects = {

/* Begin PBXBuildFile section */
		2F0CA8AC2DAB145D00AB75E5 /* FirebaseAnalytics in Frameworks */ = {isa = PBXBuildFile; productRef = 2F0CA8AB2DAB145D00AB75E5 /* FirebaseAnalytics */; };
		2F0CA8AE2DAB145D00AB75E5 /* FirebaseAnalyticsOnDeviceConversion in Frameworks */ = {isa = PBXBuildFile; productRef = 2F0CA8AD2DAB145D00AB75E5 /* FirebaseAnalyticsOnDeviceConversion */; };
		2F0CA8B02DAB145D00AB75E5 /* FirebaseAnalyticsWithoutAdIdSupport in Frameworks */ = {isa = PBXBuildFile; productRef = 2F0CA8AF2DAB145D00AB75E5 /* FirebaseAnalyticsWithoutAdIdSupport */; };
		2F0CA8B42DAB145D00AB75E5 /* FirebaseAppDistribution-Beta in Frameworks */ = {isa = PBXBuildFile; productRef = 2F0CA8B32DAB145D00AB75E5 /* FirebaseAppDistribution-Beta */; };
		2F0CA8D12DAB921500AB75E5 /* SocketIO in Frameworks */ = {isa = PBXBuildFile; productRef = 2F0CA8D02DAB921500AB75E5 /* SocketIO */; };
		2F0CA8DC2DABAEB500AB75E5 /* FirebaseFirestore in Frameworks */ = {isa = PBXBuildFile; productRef = 2F0CA8DB2DABAEB500AB75E5 /* FirebaseFirestore */; };
/* End PBXBuildFile section */

/* Begin PBXContainerItemProxy section */
		2F0CA8852DAA2F4F00AB75E5 /* PBXContainerItemProxy */ = {
			isa = PBXContainerItemProxy;
			containerPortal = 2F0CA86F2DAA2F4D00AB75E5 /* Project object */;
			proxyType = 1;
			remoteGlobalIDString = 2F0CA8762DAA2F4D00AB75E5;
			remoteInfo = fullyhacks;
		};
		2F0CA88F2DAA2F4F00AB75E5 /* PBXContainerItemProxy */ = {
			isa = PBXContainerItemProxy;
			containerPortal = 2F0CA86F2DAA2F4D00AB75E5 /* Project object */;
			proxyType = 1;
			remoteGlobalIDString = 2F0CA8762DAA2F4D00AB75E5;
			remoteInfo = fullyhacks;
		};
/* End PBXContainerItemProxy section */

/* Begin PBXFileReference section */
		2F0CA8772DAA2F4D00AB75E5 /* fullyhacks.app */ = {isa = PBXFileReference; explicitFileType = wrapper.application; includeInIndex = 0; path = fullyhacks.app; sourceTree = BUILT_PRODUCTS_DIR; };
		2F0CA8842DAA2F4F00AB75E5 /* fullyhacksTests.xctest */ = {isa = PBXFileReference; explicitFileType = wrapper.cfbundle; includeInIndex = 0; path = fullyhacksTests.xctest; sourceTree = BUILT_PRODUCTS_DIR; };
		2F0CA88E2DAA2F4F00AB75E5 /* fullyhacksUITests.xctest */ = {isa = PBXFileReference; explicitFileType = wrapper.cfbundle; includeInIndex = 0; path = fullyhacksUITests.xctest; sourceTree = BUILT_PRODUCTS_DIR; };
/* End PBXFileReference section */

/* Begin PBXFileSystemSynchronizedBuildFileExceptionSet section */
		2F0CA8EC2DABBEEC00AB75E5 /* Exceptions for "fullyhacks" folder in "fullyhacks" target */ = {
			isa = PBXFileSystemSynchronizedBuildFileExceptionSet;
			membershipExceptions = (
				Info.plist,
			);
			target = 2F0CA8762DAA2F4D00AB75E5 /* fullyhacks */;
		};
/* End PBXFileSystemSynchronizedBuildFileExceptionSet section */

/* Begin PBXFileSystemSynchronizedRootGroup section */
		2F0CA8792DAA2F4D00AB75E5 /* fullyhacks */ = {
			isa = PBXFileSystemSynchronizedRootGroup;
			exceptions = (
				2F0CA8EC2DABBEEC00AB75E5 /* Exceptions for "fullyhacks" folder in "fullyhacks" target */,
			);
			path = fullyhacks;
			sourceTree = "<group>";
		};
		2F0CA8872DAA2F4F00AB75E5 /* fullyhacksTests */ = {
			isa = PBXFileSystemSynchronizedRootGroup;
			path = fullyhacksTests;
			sourceTree = "<group>";
		};
		2F0CA8912DAA2F4F00AB75E5 /* fullyhacksUITests */ = {
			isa = PBXFileSystemSynchronizedRootGroup;
			path = fullyhacksUITests;
			sourceTree = "<group>";
		};
/* End PBXFileSystemSynchronizedRootGroup section */

/* Begin PBXFrameworksBuildPhase section */
		2F0CA8742DAA2F4D00AB75E5 /* Frameworks */ = {
			isa = PBXFrameworksBuildPhase;
			buildActionMask = 2147483647;
			files = (
				2F0CA8AC2DAB145D00AB75E5 /* FirebaseAnalytics in Frameworks */,
				2F0CA8B42DAB145D00AB75E5 /* FirebaseAppDistribution-Beta in Frameworks */,
				2F0CA8B02DAB145D00AB75E5 /* FirebaseAnalyticsWithoutAdIdSupport in Frameworks */,
				2F0CA8AE2DAB145D00AB75E5 /* FirebaseAnalyticsOnDeviceConversion in Frameworks */,
				2F0CA8D12DAB921500AB75E5 /* SocketIO in Frameworks */,
				2F0CA8DC2DABAEB500AB75E5 /* FirebaseFirestore in Frameworks */,
			);
			runOnlyForDeploymentPostprocessing = 0;
		};
		2F0CA8812DAA2F4F00AB75E5 /* Frameworks */ = {
			isa = PBXFrameworksBuildPhase;
			buildActionMask = 2147483647;
			files = (
			);
			runOnlyForDeploymentPostprocessing = 0;
		};
		2F0CA88B2DAA2F4F00AB75E5 /* Frameworks */ = {
			isa = PBXFrameworksBuildPhase;
			buildActionMask = 2147483647;
			files = (
			);
			runOnlyForDeploymentPostprocessing = 0;
		};
/* End PBXFrameworksBuildPhase section */

/* Begin PBXGroup section */
		2F0CA86E2DAA2F4D00AB75E5 = {
			isa = PBXGroup;
			children = (
				2F0CA8792DAA2F4D00AB75E5 /* fullyhacks */,
				2F0CA8872DAA2F4F00AB75E5 /* fullyhacksTests */,
				2F0CA8912DAA2F4F00AB75E5 /* fullyhacksUITests */,
				2F0CA8DA2DABAEB500AB75E5 /* Frameworks */,
				2F0CA8782DAA2F4D00AB75E5 /* Products */,
			);
			sourceTree = "<group>";
		};
		2F0CA8782DAA2F4D00AB75E5 /* Products */ = {
			isa = PBXGroup;
			children = (
				2F0CA8772DAA2F4D00AB75E5 /* fullyhacks.app */,
				2F0CA8842DAA2F4F00AB75E5 /* fullyhacksTests.xctest */,
				2F0CA88E2DAA2F4F00AB75E5 /* fullyhacksUITests.xctest */,
			);
			name = Products;
			sourceTree = "<group>";
		};
		2F0CA8DA2DABAEB500AB75E5 /* Frameworks */ = {
			isa = PBXGroup;
			children = (
			);
			name = Frameworks;
			sourceTree = "<group>";
		};
/* End PBXGroup section */

/* Begin PBXNativeTarget section */
		2F0CA8762DAA2F4D00AB75E5 /* fullyhacks */ = {
			isa = PBXNativeTarget;
			buildConfigurationList = 2F0CA8982DAA2F4F00AB75E5 /* Build configuration list for PBXNativeTarget "fullyhacks" */;
			buildPhases = (
				2F0CA8732DAA2F4D00AB75E5 /* Sources */,
				2F0CA8742DAA2F4D00AB75E5 /* Frameworks */,
				2F0CA8752DAA2F4D00AB75E5 /* Resources */,
			);
			buildRules = (
			);
			dependencies = (
			);
			fileSystemSynchronizedGroups = (
				2F0CA8792DAA2F4D00AB75E5 /* fullyhacks */,
			);
			name = fullyhacks;
			packageProductDependencies = (
				2F0CA8AB2DAB145D00AB75E5 /* FirebaseAnalytics */,
				2F0CA8AD2DAB145D00AB75E5 /* FirebaseAnalyticsOnDeviceConversion */,
				2F0CA8AF2DAB145D00AB75E5 /* FirebaseAnalyticsWithoutAdIdSupport */,
				2F0CA8B32DAB145D00AB75E5 /* FirebaseAppDistribution-Beta */,
				2F0CA8D02DAB921500AB75E5 /* SocketIO */,
				2F0CA8DB2DABAEB500AB75E5 /* FirebaseFirestore */,
			);
			productName = fullyhacks;
			productReference = 2F0CA8772DAA2F4D00AB75E5 /* fullyhacks.app */;
			productType = "com.apple.product-type.application";
		};
		2F0CA8832DAA2F4F00AB75E5 /* fullyhacksTests */ = {
			isa = PBXNativeTarget;
			buildConfigurationList = 2F0CA89B2DAA2F4F00AB75E5 /* Build configuration list for PBXNativeTarget "fullyhacksTests" */;
			buildPhases = (
				2F0CA8802DAA2F4F00AB75E5 /* Sources */,
				2F0CA8812DAA2F4F00AB75E5 /* Frameworks */,
				2F0CA8822DAA2F4F00AB75E5 /* Resources */,
			);
			buildRules = (
			);
			dependencies = (
				2F0CA8862DAA2F4F00AB75E5 /* PBXTargetDependency */,
			);
			fileSystemSynchronizedGroups = (
				2F0CA8872DAA2F4F00AB75E5 /* fullyhacksTests */,
			);
			name = fullyhacksTests;
			packageProductDependencies = (
			);
			productName = fullyhacksTests;
			productReference = 2F0CA8842DAA2F4F00AB75E5 /* fullyhacksTests.xctest */;
			productType = "com.apple.product-type.bundle.unit-test";
		};
		2F0CA88D2DAA2F4F00AB75E5 /* fullyhacksUITests */ = {
			isa = PBXNativeTarget;
			buildConfigurationList = 2F0CA89E2DAA2F4F00AB75E5 /* Build configuration list for PBXNativeTarget "fullyhacksUITests" */;
			buildPhases = (
				2F0CA88A2DAA2F4F00AB75E5 /* Sources */,
				2F0CA88B2DAA2F4F00AB75E5 /* Frameworks */,
				2F0CA88C2DAA2F4F00AB75E5 /* Resources */,
			);
			buildRules = (
			);
			dependencies = (
				2F0CA8902DAA2F4F00AB75E5 /* PBXTargetDependency */,
			);
			fileSystemSynchronizedGroups = (
				2F0CA8912DAA2F4F00AB75E5 /* fullyhacksUITests */,
			);
			name = fullyhacksUITests;
			packageProductDependencies = (
			);
			productName = fullyhacksUITests;
			productReference = 2F0CA88E2DAA2F4F00AB75E5 /* fullyhacksUITests.xctest */;
			productType = "com.apple.product-type.bundle.ui-testing";
		};
/* End PBXNativeTarget section */

/* Begin PBXProject section */
		2F0CA86F2DAA2F4D00AB75E5 /* Project object */ = {
			isa = PBXProject;
			attributes = {
				BuildIndependentTargetsInParallel = 1;
				LastSwiftUpdateCheck = 1630;
				LastUpgradeCheck = 1630;
				TargetAttributes = {
					2F0CA8762DAA2F4D00AB75E5 = {
						CreatedOnToolsVersion = 16.3;
					};
					2F0CA8832DAA2F4F00AB75E5 = {
						CreatedOnToolsVersion = 16.3;
						TestTargetID = 2F0CA8762DAA2F4D00AB75E5;
					};
					2F0CA88D2DAA2F4F00AB75E5 = {
						CreatedOnToolsVersion = 16.3;
						TestTargetID = 2F0CA8762DAA2F4D00AB75E5;
					};
				};
			};
			buildConfigurationList = 2F0CA8722DAA2F4D00AB75E5 /* Build configuration list for PBXProject "fullyhacks" */;
			developmentRegion = en;
			hasScannedForEncodings = 0;
			knownRegions = (
				en,
				Base,
			);
			mainGroup = 2F0CA86E2DAA2F4D00AB75E5;
			minimizedProjectReferenceProxies = 1;
			packageReferences = (
				2F0CA8AA2DAB145D00AB75E5 /* XCRemoteSwiftPackageReference "firebase-ios-sdk" */,
				2F0CA8CF2DAB921500AB75E5 /* XCRemoteSwiftPackageReference "socket.io-client-swift" */,
			);
			preferredProjectObjectVersion = 77;
			productRefGroup = 2F0CA8782DAA2F4D00AB75E5 /* Products */;
			projectDirPath = "";
			projectRoot = "";
			targets = (
				2F0CA8762DAA2F4D00AB75E5 /* fullyhacks */,
				2F0CA8832DAA2F4F00AB75E5 /* fullyhacksTests */,
				2F0CA88D2DAA2F4F00AB75E5 /* fullyhacksUITests */,
			);
		};
/* End PBXProject section */

/* Begin PBXResourcesBuildPhase section */
		2F0CA8752DAA2F4D00AB75E5 /* Resources */ = {
			isa = PBXResourcesBuildPhase;
			buildActionMask = 2147483647;
			files = (
			);
			runOnlyForDeploymentPostprocessing = 0;
		};
		2F0CA8822DAA2F4F00AB75E5 /* Resources */ = {
			isa = PBXResourcesBuildPhase;
			buildActionMask = 2147483647;
			files = (
			);
			runOnlyForDeploymentPostprocessing = 0;
		};
		2F0CA88C2DAA2F4F00AB75E5 /* Resources */ = {
			isa = PBXResourcesBuildPhase;
			buildActionMask = 2147483647;
			files = (
			);
			runOnlyForDeploymentPostprocessing = 0;
		};
/* End PBXResourcesBuildPhase section */

/* Begin PBXSourcesBuildPhase section */
		2F0CA8732DAA2F4D00AB75E5 /* Sources */ = {
			isa = PBXSourcesBuildPhase;
			buildActionMask = 2147483647;
			files = (
			);
			runOnlyForDeploymentPostprocessing = 0;
		};
		2F0CA8802DAA2F4F00AB75E5 /* Sources */ = {
			isa = PBXSourcesBuildPhase;
			buildActionMask = 2147483647;
			files = (
			);
			runOnlyForDeploymentPostprocessing = 0;
		};
		2F0CA88A2DAA2F4F00AB75E5 /* Sources */ = {
			isa = PBXSourcesBuildPhase;
			buildActionMask = 2147483647;
			files = (
			);
			runOnlyForDeploymentPostprocessing = 0;
		};
/* End PBXSourcesBuildPhase section */

/* Begin PBXTargetDependency section */
		2F0CA8862DAA2F4F00AB75E5 /* PBXTargetDependency */ = {
			isa = PBXTargetDependency;
			target = 2F0CA8762DAA2F4D00AB75E5 /* fullyhacks */;
			targetProxy = 2F0CA8852DAA2F4F00AB75E5 /* PBXContainerItemProxy */;
		};
		2F0CA8902DAA2F4F00AB75E5 /* PBXTargetDependency */ = {
			isa = PBXTargetDependency;
			target = 2F0CA8762DAA2F4D00AB75E5 /* fullyhacks */;
			targetProxy = 2F0CA88F2DAA2F4F00AB75E5 /* PBXContainerItemProxy */;
		};
/* End PBXTargetDependency section */

/* Begin XCBuildConfiguration section */
		2F0CA8962DAA2F4F00AB75E5 /* Debug */ = {
			isa = XCBuildConfiguration;
			buildSettings = {
				ALWAYS_SEARCH_USER_PATHS = NO;
				ASSETCATALOG_COMPILER_GENERATE_SWIFT_ASSET_SYMBOL_EXTENSIONS = YES;
				CLANG_ANALYZER_NONNULL = YES;
				CLANG_ANALYZER_NUMBER_OBJECT_CONVERSION = YES_AGGRESSIVE;
				CLANG_CXX_LANGUAGE_STANDARD = "gnu++20";
				CLANG_ENABLE_MODULES = YES;
				CLANG_ENABLE_OBJC_ARC = YES;
				CLANG_ENABLE_OBJC_WEAK = YES;
				CLANG_WARN_BLOCK_CAPTURE_AUTORELEASING = YES;
				CLANG_WARN_BOOL_CONVERSION = YES;
				CLANG_WARN_COMMA = YES;
				CLANG_WARN_CONSTANT_CONVERSION = YES;
				CLANG_WARN_DEPRECATED_OBJC_IMPLEMENTATIONS = YES;
				CLANG_WARN_DIRECT_OBJC_ISA_USAGE = YES_ERROR;
				CLANG_WARN_DOCUMENTATION_COMMENTS = YES;
				CLANG_WARN_EMPTY_BODY = YES;
				CLANG_WARN_ENUM_CONVERSION = YES;
				CLANG_WARN_INFINITE_RECURSION = YES;
				CLANG_WARN_INT_CONVERSION = YES;
				CLANG_WARN_NON_LITERAL_NULL_CONVERSION = YES;
				CLANG_WARN_OBJC_IMPLICIT_RETAIN_SELF = YES;
				CLANG_WARN_OBJC_LITERAL_CONVERSION = YES;
				CLANG_WARN_OBJC_ROOT_CLASS = YES_ERROR;
				CLANG_WARN_QUOTED_INCLUDE_IN_FRAMEWORK_HEADER = YES;
				CLANG_WARN_RANGE_LOOP_ANALYSIS = YES;
				CLANG_WARN_STRICT_PROTOTYPES = YES;
				CLANG_WARN_SUSPICIOUS_MOVE = YES;
				CLANG_WARN_UNGUARDED_AVAILABILITY = YES_AGGRESSIVE;
				CLANG_WARN_UNREACHABLE_CODE = YES;
				CLANG_WARN__DUPLICATE_METHOD_MATCH = YES;
				COPY_PHASE_STRIP = NO;
				DEBUG_INFORMATION_FORMAT = dwarf;
				DEVELOPMENT_TEAM = PBTJSSD9T5;
				ENABLE_STRICT_OBJC_MSGSEND = YES;
				ENABLE_TESTABILITY = YES;
				ENABLE_USER_SCRIPT_SANDBOXING = YES;
				GCC_C_LANGUAGE_STANDARD = gnu17;
				GCC_DYNAMIC_NO_PIC = NO;
				GCC_NO_COMMON_BLOCKS = YES;
				GCC_OPTIMIZATION_LEVEL = 0;
				GCC_PREPROCESSOR_DEFINITIONS = (
					"DEBUG=1",
					"$(inherited)",
				);
				GCC_WARN_64_TO_32_BIT_CONVERSION = YES;
				GCC_WARN_ABOUT_RETURN_TYPE = YES_ERROR;
				GCC_WARN_UNDECLARED_SELECTOR = YES;
				GCC_WARN_UNINITIALIZED_AUTOS = YES_AGGRESSIVE;
				GCC_WARN_UNUSED_FUNCTION = YES;
				GCC_WARN_UNUSED_VARIABLE = YES;
				IPHONEOS_DEPLOYMENT_TARGET = 18.0;
				LOCALIZATION_PREFERS_STRING_CATALOGS = YES;
				MTL_ENABLE_DEBUG_INFO = INCLUDE_SOURCE;
				MTL_FAST_MATH = YES;
				ONLY_ACTIVE_ARCH = YES;
				SDKROOT = iphoneos;
				SWIFT_ACTIVE_COMPILATION_CONDITIONS = "DEBUG $(inherited)";
				SWIFT_OPTIMIZATION_LEVEL = "-Onone";
			};
			name = Debug;
		};
		2F0CA8972DAA2F4F00AB75E5 /* Release */ = {
			isa = XCBuildConfiguration;
			buildSettings = {
				ALWAYS_SEARCH_USER_PATHS = NO;
				ASSETCATALOG_COMPILER_GENERATE_SWIFT_ASSET_SYMBOL_EXTENSIONS = YES;
				CLANG_ANALYZER_NONNULL = YES;
				CLANG_ANALYZER_NUMBER_OBJECT_CONVERSION = YES_AGGRESSIVE;
				CLANG_CXX_LANGUAGE_STANDARD = "gnu++20";
				CLANG_ENABLE_MODULES = YES;
				CLANG_ENABLE_OBJC_ARC = YES;
				CLANG_ENABLE_OBJC_WEAK = YES;
				CLANG_WARN_BLOCK_CAPTURE_AUTORELEASING = YES;
				CLANG_WARN_BOOL_CONVERSION = YES;
				CLANG_WARN_COMMA = YES;
				CLANG_WARN_CONSTANT_CONVERSION = YES;
				CLANG_WARN_DEPRECATED_OBJC_IMPLEMENTATIONS = YES;
				CLANG_WARN_DIRECT_OBJC_ISA_USAGE = YES_ERROR;
				CLANG_WARN_DOCUMENTATION_COMMENTS = YES;
				CLANG_WARN_EMPTY_BODY = YES;
				CLANG_WARN_ENUM_CONVERSION = YES;
				CLANG_WARN_INFINITE_RECURSION = YES;
				CLANG_WARN_INT_CONVERSION = YES;
				CLANG_WARN_NON_LITERAL_NULL_CONVERSION = YES;
				CLANG_WARN_OBJC_IMPLICIT_RETAIN_SELF = YES;
				CLANG_WARN_OBJC_LITERAL_CONVERSION = YES;
				CLANG_WARN_OBJC_ROOT_CLASS = YES_ERROR;
				CLANG_WARN_QUOTED_INCLUDE_IN_FRAMEWORK_HEADER = YES;
				CLANG_WARN_RANGE_LOOP_ANALYSIS = YES;
				CLANG_WARN_STRICT_PROTOTYPES = YES;
				CLANG_WARN_SUSPICIOUS_MOVE = YES;
				CLANG_WARN_UNGUARDED_AVAILABILITY = YES_AGGRESSIVE;
				CLANG_WARN_UNREACHABLE_CODE = YES;
				CLANG_WARN__DUPLICATE_METHOD_MATCH = YES;
				COPY_PHASE_STRIP = NO;
				DEBUG_INFORMATION_FORMAT = "dwarf-with-dsym";
				DEVELOPMENT_TEAM = PBTJSSD9T5;
				ENABLE_NS_ASSERTIONS = NO;
				ENABLE_STRICT_OBJC_MSGSEND = YES;
				ENABLE_USER_SCRIPT_SANDBOXING = YES;
				GCC_C_LANGUAGE_STANDARD = gnu17;
				GCC_NO_COMMON_BLOCKS = YES;
				GCC_WARN_64_TO_32_BIT_CONVERSION = YES;
				GCC_WARN_ABOUT_RETURN_TYPE = YES_ERROR;
				GCC_WARN_UNDECLARED_SELECTOR = YES;
				GCC_WARN_UNINITIALIZED_AUTOS = YES_AGGRESSIVE;
				GCC_WARN_UNUSED_FUNCTION = YES;
				GCC_WARN_UNUSED_VARIABLE = YES;
				IPHONEOS_DEPLOYMENT_TARGET = 18.0;
				LOCALIZATION_PREFERS_STRING_CATALOGS = YES;
				MTL_ENABLE_DEBUG_INFO = NO;
				MTL_FAST_MATH = YES;
				SDKROOT = iphoneos;
				SWIFT_COMPILATION_MODE = wholemodule;
				VALIDATE_PRODUCT = YES;
			};
			name = Release;
		};
		2F0CA8992DAA2F4F00AB75E5 /* Debug */ = {
			isa = XCBuildConfiguration;
			buildSettings = {
				ASSETCATALOG_COMPILER_APPICON_NAME = AppIcon;
				ASSETCATALOG_COMPILER_GLOBAL_ACCENT_COLOR_NAME = AccentColor;
				CODE_SIGN_ENTITLEMENTS = fullyhacks/fullyhacks.entitlements;
				CODE_SIGN_STYLE = Automatic;
				CURRENT_PROJECT_VERSION = 1;
				DEVELOPMENT_TEAM = PBTJSSD9T5;
				ENABLE_PREVIEWS = YES;
				GENERATE_INFOPLIST_FILE = YES;
				INFOPLIST_FILE = fullyhacks/Info.plist;
				INFOPLIST_KEY_NSCameraUsageDescription = "This app requires camera access for...";
				INFOPLIST_KEY_NSLocalNetworkUsageDescription = "This app needs to access your local network for connecting to the transcription service.";
				INFOPLIST_KEY_NSMicrophoneUsageDescription = "This app requires microphone access for audio recording.";
				INFOPLIST_KEY_NSSpeechRecognitionUsageDescription = "HarmonAI needs speech recognition to transcribe your voice";
				INFOPLIST_KEY_UIApplicationSceneManifest_Generation = YES;
				INFOPLIST_KEY_UIApplicationSupportsIndirectInputEvents = YES;
				INFOPLIST_KEY_UILaunchScreen_Generation = YES;
				INFOPLIST_KEY_UISupportedInterfaceOrientations_iPad = "UIInterfaceOrientationPortrait UIInterfaceOrientationPortraitUpsideDown UIInterfaceOrientationLandscapeLeft UIInterfaceOrientationLandscapeRight";
				INFOPLIST_KEY_UISupportedInterfaceOrientations_iPhone = "UIInterfaceOrientationPortrait UIInterfaceOrientationLandscapeLeft UIInterfaceOrientationLandscapeRight";
				LD_RUNPATH_SEARCH_PATHS = (
					"$(inherited)",
					"@executable_path/Frameworks",
				);
				MARKETING_VERSION = 1.0;
				PRODUCT_BUNDLE_IDENTIFIER = com.fullyhacks.prod;
				PRODUCT_NAME = "$(TARGET_NAME)";
				SWIFT_EMIT_LOC_STRINGS = YES;
				SWIFT_VERSION = 5.0;
				TARGETED_DEVICE_FAMILY = "1,2";
			};
			name = Debug;
		};
		2F0CA89A2DAA2F4F00AB75E5 /* Release */ = {
			isa = XCBuildConfiguration;
			buildSettings = {
				ASSETCATALOG_COMPILER_APPICON_NAME = AppIcon;
				ASSETCATALOG_COMPILER_GLOBAL_ACCENT_COLOR_NAME = AccentColor;
				CODE_SIGN_ENTITLEMENTS = fullyhacks/fullyhacks.entitlements;
				CODE_SIGN_STYLE = Automatic;
				CURRENT_PROJECT_VERSION = 1;
				DEVELOPMENT_TEAM = PBTJSSD9T5;
				ENABLE_PREVIEWS = YES;
				GENERATE_INFOPLIST_FILE = YES;
				INFOPLIST_FILE = fullyhacks/Info.plist;
				INFOPLIST_KEY_NSCameraUsageDescription = "This app requires camera access for...";
				INFOPLIST_KEY_NSLocalNetworkUsageDescription = "This app needs to access your local network for connecting to the transcription service.";
				INFOPLIST_KEY_NSMicrophoneUsageDescription = "This app requires microphone access for audio recording.";
				INFOPLIST_KEY_NSSpeechRecognitionUsageDescription = "HarmonAI needs speech recognition to transcribe your voice";
				INFOPLIST_KEY_UIApplicationSceneManifest_Generation = YES;
				INFOPLIST_KEY_UIApplicationSupportsIndirectInputEvents = YES;
				INFOPLIST_KEY_UILaunchScreen_Generation = YES;
				INFOPLIST_KEY_UISupportedInterfaceOrientations_iPad = "UIInterfaceOrientationPortrait UIInterfaceOrientationPortraitUpsideDown UIInterfaceOrientationLandscapeLeft UIInterfaceOrientationLandscapeRight";
				INFOPLIST_KEY_UISupportedInterfaceOrientations_iPhone = "UIInterfaceOrientationPortrait UIInterfaceOrientationLandscapeLeft UIInterfaceOrientationLandscapeRight";
				LD_RUNPATH_SEARCH_PATHS = (
					"$(inherited)",
					"@executable_path/Frameworks",
				);
				MARKETING_VERSION = 1.0;
				PRODUCT_BUNDLE_IDENTIFIER = com.fullyhacks.prod;
				PRODUCT_NAME = "$(TARGET_NAME)";
				SWIFT_EMIT_LOC_STRINGS = YES;
				SWIFT_VERSION = 5.0;
				TARGETED_DEVICE_FAMILY = "1,2";
			};
			name = Release;
		};
		2F0CA89C2DAA2F4F00AB75E5 /* Debug */ = {
			isa = XCBuildConfiguration;
			buildSettings = {
				BUNDLE_LOADER = "$(TEST_HOST)";
				CODE_SIGN_STYLE = Automatic;
				CURRENT_PROJECT_VERSION = 1;
				DEVELOPMENT_TEAM = PBTJSSD9T5;
				GENERATE_INFOPLIST_FILE = YES;
				IPHONEOS_DEPLOYMENT_TARGET = 18.4;
				MARKETING_VERSION = 1.0;
				PRODUCT_BUNDLE_IDENTIFIER = com.yang.fullyhacksTests;
				PRODUCT_NAME = "$(TARGET_NAME)";
				SWIFT_EMIT_LOC_STRINGS = NO;
				SWIFT_VERSION = 5.0;
				TARGETED_DEVICE_FAMILY = "1,2";
				TEST_HOST = "$(BUILT_PRODUCTS_DIR)/fullyhacks.app/$(BUNDLE_EXECUTABLE_FOLDER_PATH)/fullyhacks";
			};
			name = Debug;
		};
		2F0CA89D2DAA2F4F00AB75E5 /* Release */ = {
			isa = XCBuildConfiguration;
			buildSettings = {
				BUNDLE_LOADER = "$(TEST_HOST)";
				CODE_SIGN_STYLE = Automatic;
				CURRENT_PROJECT_VERSION = 1;
				DEVELOPMENT_TEAM = PBTJSSD9T5;
				GENERATE_INFOPLIST_FILE = YES;
				IPHONEOS_DEPLOYMENT_TARGET = 18.4;
				MARKETING_VERSION = 1.0;
				PRODUCT_BUNDLE_IDENTIFIER = com.yang.fullyhacksTests;
				PRODUCT_NAME = "$(TARGET_NAME)";
				SWIFT_EMIT_LOC_STRINGS = NO;
				SWIFT_VERSION = 5.0;
				TARGETED_DEVICE_FAMILY = "1,2";
				TEST_HOST = "$(BUILT_PRODUCTS_DIR)/fullyhacks.app/$(BUNDLE_EXECUTABLE_FOLDER_PATH)/fullyhacks";
			};
			name = Release;
		};
		2F0CA89F2DAA2F4F00AB75E5 /* Debug */ = {
			isa = XCBuildConfiguration;
			buildSettings = {
				CODE_SIGN_STYLE = Automatic;
				CURRENT_PROJECT_VERSION = 1;
				DEVELOPMENT_TEAM = PBTJSSD9T5;
				GENERATE_INFOPLIST_FILE = YES;
				MARKETING_VERSION = 1.0;
				PRODUCT_BUNDLE_IDENTIFIER = com.yang.fullyhacksUITests;
				PRODUCT_NAME = "$(TARGET_NAME)";
				SWIFT_EMIT_LOC_STRINGS = NO;
				SWIFT_VERSION = 5.0;
				TARGETED_DEVICE_FAMILY = "1,2";
				TEST_TARGET_NAME = fullyhacks;
			};
			name = Debug;
		};
		2F0CA8A02DAA2F4F00AB75E5 /* Release */ = {
			isa = XCBuildConfiguration;
			buildSettings = {
				CODE_SIGN_STYLE = Automatic;
				CURRENT_PROJECT_VERSION = 1;
				DEVELOPMENT_TEAM = PBTJSSD9T5;
				GENERATE_INFOPLIST_FILE = YES;
				MARKETING_VERSION = 1.0;
				PRODUCT_BUNDLE_IDENTIFIER = com.yang.fullyhacksUITests;
				PRODUCT_NAME = "$(TARGET_NAME)";
				SWIFT_EMIT_LOC_STRINGS = NO;
				SWIFT_VERSION = 5.0;
				TARGETED_DEVICE_FAMILY = "1,2";
				TEST_TARGET_NAME = fullyhacks;
			};
			name = Release;
		};
/* End XCBuildConfiguration section */

/* Begin XCConfigurationList section */
		2F0CA8722DAA2F4D00AB75E5 /* Build configuration list for PBXProject "fullyhacks" */ = {
			isa = XCConfigurationList;
			buildConfigurations = (
				2F0CA8962DAA2F4F00AB75E5 /* Debug */,
				2F0CA8972DAA2F4F00AB75E5 /* Release */,
			);
			defaultConfigurationIsVisible = 0;
			defaultConfigurationName = Release;
		};
		2F0CA8982DAA2F4F00AB75E5 /* Build configuration list for PBXNativeTarget "fullyhacks" */ = {
			isa = XCConfigurationList;
			buildConfigurations = (
				2F0CA8992DAA2F4F00AB75E5 /* Debug */,
				2F0CA89A2DAA2F4F00AB75E5 /* Release */,
			);
			defaultConfigurationIsVisible = 0;
			defaultConfigurationName = Release;
		};
		2F0CA89B2DAA2F4F00AB75E5 /* Build configuration list for PBXNativeTarget "fullyhacksTests" */ = {
			isa = XCConfigurationList;
			buildConfigurations = (
				2F0CA89C2DAA2F4F00AB75E5 /* Debug */,
				2F0CA89D2DAA2F4F00AB75E5 /* Release */,
			);
			defaultConfigurationIsVisible = 0;
			defaultConfigurationName = Release;
		};
		2F0CA89E2DAA2F4F00AB75E5 /* Build configuration list for PBXNativeTarget "fullyhacksUITests" */ = {
			isa = XCConfigurationList;
			buildConfigurations = (
				2F0CA89F2DAA2F4F00AB75E5 /* Debug */,
				2F0CA8A02DAA2F4F00AB75E5 /* Release */,
			);
			defaultConfigurationIsVisible = 0;
			defaultConfigurationName = Release;
		};
/* End XCConfigurationList section */

/* Begin XCRemoteSwiftPackageReference section */
		2F0CA8AA2DAB145D00AB75E5 /* XCRemoteSwiftPackageReference "firebase-ios-sdk" */ = {
			isa = XCRemoteSwiftPackageReference;
			repositoryURL = "https://github.com/firebase/firebase-ios-sdk";
			requirement = {
				kind = upToNextMajorVersion;
				minimumVersion = 11.11.0;
			};
		};
		2F0CA8CF2DAB921500AB75E5 /* XCRemoteSwiftPackageReference "socket.io-client-swift" */ = {
			isa = XCRemoteSwiftPackageReference;
			repositoryURL = "https://github.com/socketio/socket.io-client-swift.git";
			requirement = {
				branch = master;
				kind = branch;
			};
		};
/* End XCRemoteSwiftPackageReference section */

/* Begin XCSwiftPackageProductDependency section */
		2F0CA8AB2DAB145D00AB75E5 /* FirebaseAnalytics */ = {
			isa = XCSwiftPackageProductDependency;
			package = 2F0CA8AA2DAB145D00AB75E5 /* XCRemoteSwiftPackageReference "firebase-ios-sdk" */;
			productName = FirebaseAnalytics;
		};
		2F0CA8AD2DAB145D00AB75E5 /* FirebaseAnalyticsOnDeviceConversion */ = {
			isa = XCSwiftPackageProductDependency;
			package = 2F0CA8AA2DAB145D00AB75E5 /* XCRemoteSwiftPackageReference "firebase-ios-sdk" */;
			productName = FirebaseAnalyticsOnDeviceConversion;
		};
		2F0CA8AF2DAB145D00AB75E5 /* FirebaseAnalyticsWithoutAdIdSupport */ = {
			isa = XCSwiftPackageProductDependency;
			package = 2F0CA8AA2DAB145D00AB75E5 /* XCRemoteSwiftPackageReference "firebase-ios-sdk" */;
			productName = FirebaseAnalyticsWithoutAdIdSupport;
		};
		2F0CA8B32DAB145D00AB75E5 /* FirebaseAppDistribution-Beta */ = {
			isa = XCSwiftPackageProductDependency;
			package = 2F0CA8AA2DAB145D00AB75E5 /* XCRemoteSwiftPackageReference "firebase-ios-sdk" */;
			productName = "FirebaseAppDistribution-Beta";
		};
		2F0CA8D02DAB921500AB75E5 /* SocketIO */ = {
			isa = XCSwiftPackageProductDependency;
			package = 2F0CA8CF2DAB921500AB75E5 /* XCRemoteSwiftPackageReference "socket.io-client-swift" */;
			productName = SocketIO;
		};
		2F0CA8DB2DABAEB500AB75E5 /* FirebaseFirestore */ = {
			isa = XCSwiftPackageProductDependency;
			package = 2F0CA8AA2DAB145D00AB75E5 /* XCRemoteSwiftPackageReference "firebase-ios-sdk" */;
			productName = FirebaseFirestore;
		};
/* End XCSwiftPackageProductDependency section */
	};
	rootObject = 2F0CA86F2DAA2F4D00AB75E5 /* Project object */;
}
